
Microsoft Visual Studio Solution File, Format Version 12.00
# Visual Studio 15
VisualStudioVersion = 15.0.26730.15
MinimumVisualStudioVersion = 10.0.40219.1
Project("{FAE04EC0-301F-11D3-BF4B-00C04F79EFBC}") = "ZabisProgram.Logger", "ZabisProgram.Logger\ZabisProgram.Logger.csproj", "{23525F86-8A93-413C-8C1A-4D53B9C0DD51}"
EndProject
Project("{FAE04EC0-301F-11D3-BF4B-00C04F79EFBC}") = "ZabisProgram.DesignPattern", "ZabisProgram.DesingPattern\ZabisProgram.DesignPattern.csproj", "{A9C8D5F5-A5F1-4F7D-BC49-D321A8887DEA}"
EndProject
Project("{FAE04EC0-301F-11D3-BF4B-00C04F79EFBC}") = "ZabiProgram.Caller", "ZabiProgram.Caller\ZabiProgram.Caller.csproj", "{2FCAC798-9F7A-4E2D-ABB9-80E1B66A7B7F}"
EndProject
Global
	GlobalSection(SolutionConfigurationPlatforms) = preSolution
		Debug|Any CPU = Debug|Any CPU
		Release|Any CPU = Release|Any CPU
	EndGlobalSection
	GlobalSection(ProjectConfigurationPlatforms) = postSolution
		{23525F86-8A93-413C-8C1A-4D53B9C0DD51}.Debug|Any CPU.ActiveCfg = Debug|Any CPU
		{23525F86-8A93-413C-8C1A-4D53B9C0DD51}.Debug|Any CPU.Build.0 = Debug|Any CPU
		{23525F86-8A93-413C-8C1A-4D53B9C0DD51}.Release|Any CPU.ActiveCfg = Release|Any CPU
		{23525F86-8A93-413C-8C1A-4D53B9C0DD51}.Release|Any CPU.Build.0 = Release|Any CPU
		{A9C8D5F5-A5F1-4F7D-BC49-D321A8887DEA}.Debug|Any CPU.ActiveCfg = Debug|Any CPU
		{A9C8D5F5-A5F1-4F7D-BC49-D321A8887DEA}.Debug|Any CPU.Build.0 = Debug|Any CPU
		{A9C8D5F5-A5F1-4F7D-BC49-D321A8887DEA}.Release|Any CPU.ActiveCfg = Release|Any CPU
		{A9C8D5F5-A5F1-4F7D-BC49-D321A8887DEA}.Release|Any CPU.Build.0 = Release|Any CPU
		{2FCAC798-9F7A-4E2D-ABB9-80E1B66A7B7F}.Debug|Any CPU.ActiveCfg = Debug|Any CPU
		{2FCAC798-9F7A-4E2D-ABB9-80E1B66A7B7F}.Debug|Any CPU.Build.0 = Debug|Any CPU
		{2FCAC798-9F7A-4E2D-ABB9-80E1B66A7B7F}.Release|Any CPU.ActiveCfg = Release|Any CPU
		{2FCAC798-9F7A-4E2D-ABB9-80E1B66A7B7F}.Release|Any CPU.Build.0 = Release|Any CPU
	EndGlobalSection
	GlobalSection(SolutionProperties) = preSolution
		HideSolutionNode = FALSE
	EndGlobalSection
	GlobalSection(ExtensibilityGlobals) = postSolution
		SolutionGuid = {85EB251E-217A-47B6-AB47-C49734533279}
	EndGlobalSection
EndGlobal
