
Microsoft Visual Studio Solution File, Format Version 10.00
# Visual Studio 2008
Project("{F184B08F-C81C-45F6-A57F-5ABD9991F28F}") = "PaikRichStock", "PaikRichStock\PaikRichStock.vbproj", "{D198B424-47D8-433B-A569-6114F368DAA5}"
EndProject
Project("{F184B08F-C81C-45F6-A57F-5ABD9991F28F}") = "PaikRichStock.Common", "PaikRichStock.Common\PaikRichStock.Common.vbproj", "{C9364DE0-591E-476C-9B37-6461BF269716}"
EndProject
Global
	GlobalSection(SolutionConfigurationPlatforms) = preSolution
		Debug|Any CPU = Debug|Any CPU
		Release|Any CPU = Release|Any CPU
	EndGlobalSection
	GlobalSection(ProjectConfigurationPlatforms) = postSolution
		{D198B424-47D8-433B-A569-6114F368DAA5}.Debug|Any CPU.ActiveCfg = Debug|Any CPU
		{D198B424-47D8-433B-A569-6114F368DAA5}.Debug|Any CPU.Build.0 = Debug|Any CPU
		{D198B424-47D8-433B-A569-6114F368DAA5}.Release|Any CPU.ActiveCfg = Release|Any CPU
		{D198B424-47D8-433B-A569-6114F368DAA5}.Release|Any CPU.Build.0 = Release|Any CPU
		{C9364DE0-591E-476C-9B37-6461BF269716}.Debug|Any CPU.ActiveCfg = Debug|Any CPU
		{C9364DE0-591E-476C-9B37-6461BF269716}.Debug|Any CPU.Build.0 = Debug|Any CPU
		{C9364DE0-591E-476C-9B37-6461BF269716}.Release|Any CPU.ActiveCfg = Release|Any CPU
		{C9364DE0-591E-476C-9B37-6461BF269716}.Release|Any CPU.Build.0 = Release|Any CPU
	EndGlobalSection
	GlobalSection(SolutionProperties) = preSolution
		HideSolutionNode = FALSE
	EndGlobalSection
EndGlobal
