
Microsoft Visual Studio Solution File, Format Version 12.00
# Visual Studio 2013
VisualStudioVersion = 12.0.21005.1
MinimumVisualStudioVersion = 10.0.40219.1
Project("{FAE04EC0-301F-11D3-BF4B-00C04F79EFBC}") = "AnalysisSt.Common", "AnalysisSt.Common\AnalysisSt.Common.csproj", "{BD651B2C-8F87-44B6-8387-5FCAB4182159}"
EndProject
Project("{F184B08F-C81C-45F6-A57F-5ABD9991F28F}") = "AnalysisSt.DataBaseFunc", "AnalysisSt.DataBaseFunc\AnalysisSt.DataBaseFunc.vbproj", "{E798B99D-161A-4656-A852-314874D81110}"
EndProject
Project("{FAE04EC0-301F-11D3-BF4B-00C04F79EFBC}") = "AnalysisSt.Main", "AnalysisSt.Main\AnalysisSt.Main.csproj", "{11CB82A4-9F3F-4AAE-A463-7A4ACDCAC9B0}"
EndProject
Project("{FAE04EC0-301F-11D3-BF4B-00C04F79EFBC}") = "AnalysisSt.Tester", "AnalysisSt.Tester\AnalysisSt.Tester.csproj", "{9688CD6B-B111-4D14-8B06-FFDA9476D66F}"
EndProject
Project("{FAE04EC0-301F-11D3-BF4B-00C04F79EFBC}") = "AnalysisSt.Dasin", "AnalysisSt.Dasin\AnalysisSt.Dasin.csproj", "{EB8D6F9E-5FC1-4ADB-9FCD-1E7DB0F4A299}"
EndProject
Project("{FAE04EC0-301F-11D3-BF4B-00C04F79EFBC}") = "AnalysisSt.Kiwoom", "AnalysisSt.Kiwoom\AnalysisSt.Kiwoom.csproj", "{17BA44AC-6F03-4852-92E1-AA93E733EB0D}"
EndProject
Project("{F184B08F-C81C-45F6-A57F-5ABD9991F28F}") = "AnalysisSt.KiwoomVB", "AnalysisSt.KiwoomVB\AnalysisSt.KiwoomVB.vbproj", "{E78DF639-555F-4E55-A95E-6AD02664A934}"
EndProject
Project("{F184B08F-C81C-45F6-A57F-5ABD9991F28F}") = "AnalysisSt.BatchWorkerVB", "AnalysisSt.BatchWorkerVB\AnalysisSt.BatchWorkerVB.vbproj", "{31EE34FE-08D6-449D-A5A1-891B219D61A5}"
EndProject
Project("{FAE04EC0-301F-11D3-BF4B-00C04F79EFBC}") = "AnalysisSt.TechnicalFunc", "AnalysisSt.TechnicalFunc\AnalysisSt.TechnicalFunc.csproj", "{9ED23712-800A-4FA4-B1C1-43A3BF4C0316}"
EndProject
Project("{FAE04EC0-301F-11D3-BF4B-00C04F79EFBC}") = "AnalysisSt.Analysis", "AnalysisSt.Analysis\AnalysisSt.Analysis.csproj", "{CFF69314-BBBA-4386-AF26-B99A7FAD78EE}"
EndProject
Project("{FAE04EC0-301F-11D3-BF4B-00C04F79EFBC}") = "AnalysisSt.Chart", "AnalysisSt.Chart\AnalysisSt.Chart.csproj", "{252844A2-7BA4-4D6F-8B18-F1306C2D9825}"
EndProject
Project("{FAE04EC0-301F-11D3-BF4B-00C04F79EFBC}") = "AnalysisSt.CallForm", "AnalysisSt.CallForm\AnalysisSt.CallForm.csproj", "{027D515F-97DA-44DE-82B0-78E7A14FCA3D}"
EndProject
Project("{FAE04EC0-301F-11D3-BF4B-00C04F79EFBC}") = "AnalysisSt.BatchWorkerCSharp", "AnalysisSt.BatchWorkerCSharp\AnalysisSt.BatchWorkerCSharp.csproj", "{277394B4-8EBE-47CD-901C-683F40741C39}"
EndProject
Global
	GlobalSection(SolutionConfigurationPlatforms) = preSolution
		Debug|Any CPU = Debug|Any CPU
		Release|Any CPU = Release|Any CPU
	EndGlobalSection
	GlobalSection(ProjectConfigurationPlatforms) = postSolution
		{BD651B2C-8F87-44B6-8387-5FCAB4182159}.Debug|Any CPU.ActiveCfg = Debug|Any CPU
		{BD651B2C-8F87-44B6-8387-5FCAB4182159}.Debug|Any CPU.Build.0 = Debug|Any CPU
		{BD651B2C-8F87-44B6-8387-5FCAB4182159}.Release|Any CPU.ActiveCfg = Release|Any CPU
		{BD651B2C-8F87-44B6-8387-5FCAB4182159}.Release|Any CPU.Build.0 = Release|Any CPU
		{E798B99D-161A-4656-A852-314874D81110}.Debug|Any CPU.ActiveCfg = Debug|Any CPU
		{E798B99D-161A-4656-A852-314874D81110}.Debug|Any CPU.Build.0 = Debug|Any CPU
		{E798B99D-161A-4656-A852-314874D81110}.Release|Any CPU.ActiveCfg = Release|Any CPU
		{E798B99D-161A-4656-A852-314874D81110}.Release|Any CPU.Build.0 = Release|Any CPU
		{11CB82A4-9F3F-4AAE-A463-7A4ACDCAC9B0}.Debug|Any CPU.ActiveCfg = Debug|Any CPU
		{11CB82A4-9F3F-4AAE-A463-7A4ACDCAC9B0}.Debug|Any CPU.Build.0 = Debug|Any CPU
		{11CB82A4-9F3F-4AAE-A463-7A4ACDCAC9B0}.Release|Any CPU.ActiveCfg = Release|Any CPU
		{11CB82A4-9F3F-4AAE-A463-7A4ACDCAC9B0}.Release|Any CPU.Build.0 = Release|Any CPU
		{9688CD6B-B111-4D14-8B06-FFDA9476D66F}.Debug|Any CPU.ActiveCfg = Debug|Any CPU
		{9688CD6B-B111-4D14-8B06-FFDA9476D66F}.Debug|Any CPU.Build.0 = Debug|Any CPU
		{9688CD6B-B111-4D14-8B06-FFDA9476D66F}.Release|Any CPU.ActiveCfg = Release|Any CPU
		{9688CD6B-B111-4D14-8B06-FFDA9476D66F}.Release|Any CPU.Build.0 = Release|Any CPU
		{EB8D6F9E-5FC1-4ADB-9FCD-1E7DB0F4A299}.Debug|Any CPU.ActiveCfg = Debug|Any CPU
		{EB8D6F9E-5FC1-4ADB-9FCD-1E7DB0F4A299}.Debug|Any CPU.Build.0 = Debug|Any CPU
		{EB8D6F9E-5FC1-4ADB-9FCD-1E7DB0F4A299}.Release|Any CPU.ActiveCfg = Release|Any CPU
		{EB8D6F9E-5FC1-4ADB-9FCD-1E7DB0F4A299}.Release|Any CPU.Build.0 = Release|Any CPU
		{17BA44AC-6F03-4852-92E1-AA93E733EB0D}.Debug|Any CPU.ActiveCfg = Debug|Any CPU
		{17BA44AC-6F03-4852-92E1-AA93E733EB0D}.Debug|Any CPU.Build.0 = Debug|Any CPU
		{17BA44AC-6F03-4852-92E1-AA93E733EB0D}.Release|Any CPU.ActiveCfg = Release|Any CPU
		{17BA44AC-6F03-4852-92E1-AA93E733EB0D}.Release|Any CPU.Build.0 = Release|Any CPU
		{E78DF639-555F-4E55-A95E-6AD02664A934}.Debug|Any CPU.ActiveCfg = Debug|Any CPU
		{E78DF639-555F-4E55-A95E-6AD02664A934}.Debug|Any CPU.Build.0 = Debug|Any CPU
		{E78DF639-555F-4E55-A95E-6AD02664A934}.Release|Any CPU.ActiveCfg = Release|Any CPU
		{E78DF639-555F-4E55-A95E-6AD02664A934}.Release|Any CPU.Build.0 = Release|Any CPU
		{31EE34FE-08D6-449D-A5A1-891B219D61A5}.Debug|Any CPU.ActiveCfg = Debug|Any CPU
		{31EE34FE-08D6-449D-A5A1-891B219D61A5}.Debug|Any CPU.Build.0 = Debug|Any CPU
		{31EE34FE-08D6-449D-A5A1-891B219D61A5}.Release|Any CPU.ActiveCfg = Release|Any CPU
		{31EE34FE-08D6-449D-A5A1-891B219D61A5}.Release|Any CPU.Build.0 = Release|Any CPU
		{9ED23712-800A-4FA4-B1C1-43A3BF4C0316}.Debug|Any CPU.ActiveCfg = Debug|Any CPU
		{9ED23712-800A-4FA4-B1C1-43A3BF4C0316}.Debug|Any CPU.Build.0 = Debug|Any CPU
		{9ED23712-800A-4FA4-B1C1-43A3BF4C0316}.Release|Any CPU.ActiveCfg = Release|Any CPU
		{9ED23712-800A-4FA4-B1C1-43A3BF4C0316}.Release|Any CPU.Build.0 = Release|Any CPU
		{CFF69314-BBBA-4386-AF26-B99A7FAD78EE}.Debug|Any CPU.ActiveCfg = Debug|Any CPU
		{CFF69314-BBBA-4386-AF26-B99A7FAD78EE}.Debug|Any CPU.Build.0 = Debug|Any CPU
		{CFF69314-BBBA-4386-AF26-B99A7FAD78EE}.Release|Any CPU.ActiveCfg = Release|Any CPU
		{CFF69314-BBBA-4386-AF26-B99A7FAD78EE}.Release|Any CPU.Build.0 = Release|Any CPU
		{252844A2-7BA4-4D6F-8B18-F1306C2D9825}.Debug|Any CPU.ActiveCfg = Debug|Any CPU
		{252844A2-7BA4-4D6F-8B18-F1306C2D9825}.Debug|Any CPU.Build.0 = Debug|Any CPU
		{252844A2-7BA4-4D6F-8B18-F1306C2D9825}.Release|Any CPU.ActiveCfg = Release|Any CPU
		{252844A2-7BA4-4D6F-8B18-F1306C2D9825}.Release|Any CPU.Build.0 = Release|Any CPU
		{027D515F-97DA-44DE-82B0-78E7A14FCA3D}.Debug|Any CPU.ActiveCfg = Debug|Any CPU
		{027D515F-97DA-44DE-82B0-78E7A14FCA3D}.Debug|Any CPU.Build.0 = Debug|Any CPU
		{027D515F-97DA-44DE-82B0-78E7A14FCA3D}.Release|Any CPU.ActiveCfg = Release|Any CPU
		{027D515F-97DA-44DE-82B0-78E7A14FCA3D}.Release|Any CPU.Build.0 = Release|Any CPU
		{277394B4-8EBE-47CD-901C-683F40741C39}.Debug|Any CPU.ActiveCfg = Debug|Any CPU
		{277394B4-8EBE-47CD-901C-683F40741C39}.Debug|Any CPU.Build.0 = Debug|Any CPU
		{277394B4-8EBE-47CD-901C-683F40741C39}.Release|Any CPU.ActiveCfg = Release|Any CPU
		{277394B4-8EBE-47CD-901C-683F40741C39}.Release|Any CPU.Build.0 = Release|Any CPU
	EndGlobalSection
	GlobalSection(SolutionProperties) = preSolution
		HideSolutionNode = FALSE
	EndGlobalSection
	GlobalSection(Performance) = preSolution
		HasPerformanceSessions = true
	EndGlobalSection
EndGlobal
