
Microsoft Visual Studio Solution File, Format Version 12.00
# Visual Studio 15
VisualStudioVersion = 15.0.28307.1525
MinimumVisualStudioVersion = 10.0.40219.1
Project("{FAE04EC0-301F-11D3-BF4B-00C04F79EFBC}") = "Woom", "Woom\Woom.csproj", "{EB08D764-03B6-4250-83BF-5E802E35E4FF}"
	ProjectSection(ProjectDependencies) = postProject
		{BA0AA315-266F-4828-8366-BD100D13A6D1} = {BA0AA315-266F-4828-8366-BD100D13A6D1}
		{D3650D5A-B44C-4B7E-86D4-6D061070DA43} = {D3650D5A-B44C-4B7E-86D4-6D061070DA43}
		{5A0C3563-5297-4BB7-8CAB-5D9AFEA48C23} = {5A0C3563-5297-4BB7-8CAB-5D9AFEA48C23}
		{B69864E4-2CEC-4F50-8615-D902E820A4A5} = {B69864E4-2CEC-4F50-8615-D902E820A4A5}
	EndProjectSection
EndProject
Project("{FAE04EC0-301F-11D3-BF4B-00C04F79EFBC}") = "Woom.DataAccess", "Woom.DataAccess\Woom.DataAccess.csproj", "{B69864E4-2CEC-4F50-8615-D902E820A4A5}"
EndProject
Project("{FAE04EC0-301F-11D3-BF4B-00C04F79EFBC}") = "Woom.Tester", "Woom.Tester\Woom.Tester.csproj", "{5A0C3563-5297-4BB7-8CAB-5D9AFEA48C23}"
EndProject
Project("{FAE04EC0-301F-11D3-BF4B-00C04F79EFBC}") = "Woom.DataDefine", "Woom.DataDefine\Woom.DataDefine.csproj", "{BA0AA315-266F-4828-8366-BD100D13A6D1}"
EndProject
Project("{2150E333-8FDC-42A3-9474-1A3956D46DE8}") = "Solution Items", "Solution Items", "{FE1E15D2-F3BD-4F7C-9D32-0146D57D085B}"
	ProjectSection(SolutionItems) = preProject
		.editorconfig = .editorconfig
	EndProjectSection
EndProject
Project("{FAE04EC0-301F-11D3-BF4B-00C04F79EFBC}") = "Woom.Volume", "Woom.Volume\Woom.Volume.csproj", "{D3650D5A-B44C-4B7E-86D4-6D061070DA43}"
EndProject
Project("{FAE04EC0-301F-11D3-BF4B-00C04F79EFBC}") = "Woom.CallForm", "Woom.CallForm\Woom.CallForm.csproj", "{CF263689-BCB2-4752-AE74-8AC4EC4D0C1D}"
EndProject
Project("{FAE04EC0-301F-11D3-BF4B-00C04F79EFBC}") = "Woom.Selenium", "Woom.Selenium\Woom.Selenium.csproj", "{0276A724-A201-4F04-85BC-6E4224BBA3E4}"
EndProject
Global
	GlobalSection(SolutionConfigurationPlatforms) = preSolution
		Debug|Any CPU = Debug|Any CPU
		Debug|x64 = Debug|x64
		Debug|x86 = Debug|x86
		Release|Any CPU = Release|Any CPU
		Release|x64 = Release|x64
		Release|x86 = Release|x86
	EndGlobalSection
	GlobalSection(ProjectConfigurationPlatforms) = postSolution
		{EB08D764-03B6-4250-83BF-5E802E35E4FF}.Debug|Any CPU.ActiveCfg = Debug|Any CPU
		{EB08D764-03B6-4250-83BF-5E802E35E4FF}.Debug|Any CPU.Build.0 = Debug|Any CPU
		{EB08D764-03B6-4250-83BF-5E802E35E4FF}.Debug|x64.ActiveCfg = Debug|x64
		{EB08D764-03B6-4250-83BF-5E802E35E4FF}.Debug|x64.Build.0 = Debug|x64
		{EB08D764-03B6-4250-83BF-5E802E35E4FF}.Debug|x86.ActiveCfg = Debug|x86
		{EB08D764-03B6-4250-83BF-5E802E35E4FF}.Debug|x86.Build.0 = Debug|x86
		{EB08D764-03B6-4250-83BF-5E802E35E4FF}.Release|Any CPU.ActiveCfg = Release|Any CPU
		{EB08D764-03B6-4250-83BF-5E802E35E4FF}.Release|Any CPU.Build.0 = Release|Any CPU
		{EB08D764-03B6-4250-83BF-5E802E35E4FF}.Release|x64.ActiveCfg = Release|x64
		{EB08D764-03B6-4250-83BF-5E802E35E4FF}.Release|x64.Build.0 = Release|x64
		{EB08D764-03B6-4250-83BF-5E802E35E4FF}.Release|x86.ActiveCfg = Release|x86
		{EB08D764-03B6-4250-83BF-5E802E35E4FF}.Release|x86.Build.0 = Release|x86
		{B69864E4-2CEC-4F50-8615-D902E820A4A5}.Debug|Any CPU.ActiveCfg = Debug|Any CPU
		{B69864E4-2CEC-4F50-8615-D902E820A4A5}.Debug|Any CPU.Build.0 = Debug|Any CPU
		{B69864E4-2CEC-4F50-8615-D902E820A4A5}.Debug|x64.ActiveCfg = Debug|x64
		{B69864E4-2CEC-4F50-8615-D902E820A4A5}.Debug|x64.Build.0 = Debug|x64
		{B69864E4-2CEC-4F50-8615-D902E820A4A5}.Debug|x86.ActiveCfg = Debug|x86
		{B69864E4-2CEC-4F50-8615-D902E820A4A5}.Debug|x86.Build.0 = Debug|x86
		{B69864E4-2CEC-4F50-8615-D902E820A4A5}.Release|Any CPU.ActiveCfg = Release|Any CPU
		{B69864E4-2CEC-4F50-8615-D902E820A4A5}.Release|Any CPU.Build.0 = Release|Any CPU
		{B69864E4-2CEC-4F50-8615-D902E820A4A5}.Release|x64.ActiveCfg = Release|x64
		{B69864E4-2CEC-4F50-8615-D902E820A4A5}.Release|x64.Build.0 = Release|x64
		{B69864E4-2CEC-4F50-8615-D902E820A4A5}.Release|x86.ActiveCfg = Release|x86
		{B69864E4-2CEC-4F50-8615-D902E820A4A5}.Release|x86.Build.0 = Release|x86
		{5A0C3563-5297-4BB7-8CAB-5D9AFEA48C23}.Debug|Any CPU.ActiveCfg = Debug|Any CPU
		{5A0C3563-5297-4BB7-8CAB-5D9AFEA48C23}.Debug|Any CPU.Build.0 = Debug|Any CPU
		{5A0C3563-5297-4BB7-8CAB-5D9AFEA48C23}.Debug|x64.ActiveCfg = Debug|x64
		{5A0C3563-5297-4BB7-8CAB-5D9AFEA48C23}.Debug|x64.Build.0 = Debug|x64
		{5A0C3563-5297-4BB7-8CAB-5D9AFEA48C23}.Debug|x86.ActiveCfg = Debug|x86
		{5A0C3563-5297-4BB7-8CAB-5D9AFEA48C23}.Debug|x86.Build.0 = Debug|x86
		{5A0C3563-5297-4BB7-8CAB-5D9AFEA48C23}.Release|Any CPU.ActiveCfg = Release|Any CPU
		{5A0C3563-5297-4BB7-8CAB-5D9AFEA48C23}.Release|Any CPU.Build.0 = Release|Any CPU
		{5A0C3563-5297-4BB7-8CAB-5D9AFEA48C23}.Release|x64.ActiveCfg = Release|x64
		{5A0C3563-5297-4BB7-8CAB-5D9AFEA48C23}.Release|x64.Build.0 = Release|x64
		{5A0C3563-5297-4BB7-8CAB-5D9AFEA48C23}.Release|x86.ActiveCfg = Release|x86
		{5A0C3563-5297-4BB7-8CAB-5D9AFEA48C23}.Release|x86.Build.0 = Release|x86
		{BA0AA315-266F-4828-8366-BD100D13A6D1}.Debug|Any CPU.ActiveCfg = Debug|Any CPU
		{BA0AA315-266F-4828-8366-BD100D13A6D1}.Debug|Any CPU.Build.0 = Debug|Any CPU
		{BA0AA315-266F-4828-8366-BD100D13A6D1}.Debug|x64.ActiveCfg = Debug|x64
		{BA0AA315-266F-4828-8366-BD100D13A6D1}.Debug|x64.Build.0 = Debug|x64
		{BA0AA315-266F-4828-8366-BD100D13A6D1}.Debug|x86.ActiveCfg = Debug|x86
		{BA0AA315-266F-4828-8366-BD100D13A6D1}.Debug|x86.Build.0 = Debug|x86
		{BA0AA315-266F-4828-8366-BD100D13A6D1}.Release|Any CPU.ActiveCfg = Release|Any CPU
		{BA0AA315-266F-4828-8366-BD100D13A6D1}.Release|Any CPU.Build.0 = Release|Any CPU
		{BA0AA315-266F-4828-8366-BD100D13A6D1}.Release|x64.ActiveCfg = Release|x64
		{BA0AA315-266F-4828-8366-BD100D13A6D1}.Release|x64.Build.0 = Release|x64
		{BA0AA315-266F-4828-8366-BD100D13A6D1}.Release|x86.ActiveCfg = Release|x86
		{BA0AA315-266F-4828-8366-BD100D13A6D1}.Release|x86.Build.0 = Release|x86
		{D3650D5A-B44C-4B7E-86D4-6D061070DA43}.Debug|Any CPU.ActiveCfg = Debug|Any CPU
		{D3650D5A-B44C-4B7E-86D4-6D061070DA43}.Debug|Any CPU.Build.0 = Debug|Any CPU
		{D3650D5A-B44C-4B7E-86D4-6D061070DA43}.Debug|x64.ActiveCfg = Debug|x64
		{D3650D5A-B44C-4B7E-86D4-6D061070DA43}.Debug|x64.Build.0 = Debug|x64
		{D3650D5A-B44C-4B7E-86D4-6D061070DA43}.Debug|x86.ActiveCfg = Debug|x86
		{D3650D5A-B44C-4B7E-86D4-6D061070DA43}.Debug|x86.Build.0 = Debug|x86
		{D3650D5A-B44C-4B7E-86D4-6D061070DA43}.Release|Any CPU.ActiveCfg = Release|Any CPU
		{D3650D5A-B44C-4B7E-86D4-6D061070DA43}.Release|Any CPU.Build.0 = Release|Any CPU
		{D3650D5A-B44C-4B7E-86D4-6D061070DA43}.Release|x64.ActiveCfg = Release|x64
		{D3650D5A-B44C-4B7E-86D4-6D061070DA43}.Release|x64.Build.0 = Release|x64
		{D3650D5A-B44C-4B7E-86D4-6D061070DA43}.Release|x86.ActiveCfg = Release|Any CPU
		{D3650D5A-B44C-4B7E-86D4-6D061070DA43}.Release|x86.Build.0 = Release|Any CPU
		{CF263689-BCB2-4752-AE74-8AC4EC4D0C1D}.Debug|Any CPU.ActiveCfg = Debug|Any CPU
		{CF263689-BCB2-4752-AE74-8AC4EC4D0C1D}.Debug|Any CPU.Build.0 = Debug|Any CPU
		{CF263689-BCB2-4752-AE74-8AC4EC4D0C1D}.Debug|x64.ActiveCfg = Debug|Any CPU
		{CF263689-BCB2-4752-AE74-8AC4EC4D0C1D}.Debug|x64.Build.0 = Debug|Any CPU
		{CF263689-BCB2-4752-AE74-8AC4EC4D0C1D}.Debug|x86.ActiveCfg = Debug|Any CPU
		{CF263689-BCB2-4752-AE74-8AC4EC4D0C1D}.Debug|x86.Build.0 = Debug|Any CPU
		{CF263689-BCB2-4752-AE74-8AC4EC4D0C1D}.Release|Any CPU.ActiveCfg = Release|Any CPU
		{CF263689-BCB2-4752-AE74-8AC4EC4D0C1D}.Release|Any CPU.Build.0 = Release|Any CPU
		{CF263689-BCB2-4752-AE74-8AC4EC4D0C1D}.Release|x64.ActiveCfg = Release|Any CPU
		{CF263689-BCB2-4752-AE74-8AC4EC4D0C1D}.Release|x64.Build.0 = Release|Any CPU
		{CF263689-BCB2-4752-AE74-8AC4EC4D0C1D}.Release|x86.ActiveCfg = Release|Any CPU
		{CF263689-BCB2-4752-AE74-8AC4EC4D0C1D}.Release|x86.Build.0 = Release|Any CPU
		{0276A724-A201-4F04-85BC-6E4224BBA3E4}.Debug|Any CPU.ActiveCfg = Debug|Any CPU
		{0276A724-A201-4F04-85BC-6E4224BBA3E4}.Debug|Any CPU.Build.0 = Debug|Any CPU
		{0276A724-A201-4F04-85BC-6E4224BBA3E4}.Debug|x64.ActiveCfg = Debug|Any CPU
		{0276A724-A201-4F04-85BC-6E4224BBA3E4}.Debug|x64.Build.0 = Debug|Any CPU
		{0276A724-A201-4F04-85BC-6E4224BBA3E4}.Debug|x86.ActiveCfg = Debug|Any CPU
		{0276A724-A201-4F04-85BC-6E4224BBA3E4}.Debug|x86.Build.0 = Debug|Any CPU
		{0276A724-A201-4F04-85BC-6E4224BBA3E4}.Release|Any CPU.ActiveCfg = Release|Any CPU
		{0276A724-A201-4F04-85BC-6E4224BBA3E4}.Release|Any CPU.Build.0 = Release|Any CPU
		{0276A724-A201-4F04-85BC-6E4224BBA3E4}.Release|x64.ActiveCfg = Release|Any CPU
		{0276A724-A201-4F04-85BC-6E4224BBA3E4}.Release|x64.Build.0 = Release|Any CPU
		{0276A724-A201-4F04-85BC-6E4224BBA3E4}.Release|x86.ActiveCfg = Release|Any CPU
		{0276A724-A201-4F04-85BC-6E4224BBA3E4}.Release|x86.Build.0 = Release|Any CPU
	EndGlobalSection
	GlobalSection(SolutionProperties) = preSolution
		HideSolutionNode = FALSE
	EndGlobalSection
	GlobalSection(ExtensibilityGlobals) = postSolution
		SolutionGuid = {8B95A5BB-CBC1-4FE7-BAD0-384BC8163435}
	EndGlobalSection
EndGlobal
