
Microsoft Visual Studio Solution File, Format Version 12.00
# Visual Studio 15
VisualStudioVersion = 15.0.27004.2010
MinimumVisualStudioVersion = 10.0.40219.1
Project("{F184B08F-C81C-45F6-A57F-5ABD9991F28F}") = "SDataAccess", "SDataAccess\SDataAccess.vbproj", "{8B43EA4C-2991-4B95-A292-E804F1408ABA}"
EndProject
Global
	GlobalSection(SolutionConfigurationPlatforms) = preSolution
		Debug|Any CPU = Debug|Any CPU
		Debug|x64 = Debug|x64
		Debug|x86 = Debug|x86
		Release|Any CPU = Release|Any CPU
		Release|x64 = Release|x64
		Release|x86 = Release|x86
	EndGlobalSection
	GlobalSection(ProjectConfigurationPlatforms) = postSolution
		{8B43EA4C-2991-4B95-A292-E804F1408ABA}.Debug|Any CPU.ActiveCfg = Debug|Any CPU
		{8B43EA4C-2991-4B95-A292-E804F1408ABA}.Debug|Any CPU.Build.0 = Debug|Any CPU
		{8B43EA4C-2991-4B95-A292-E804F1408ABA}.Debug|x64.ActiveCfg = Debug|x64
		{8B43EA4C-2991-4B95-A292-E804F1408ABA}.Debug|x64.Build.0 = Debug|x64
		{8B43EA4C-2991-4B95-A292-E804F1408ABA}.Debug|x86.ActiveCfg = Debug|x86
		{8B43EA4C-2991-4B95-A292-E804F1408ABA}.Debug|x86.Build.0 = Debug|x86
		{8B43EA4C-2991-4B95-A292-E804F1408ABA}.Release|Any CPU.ActiveCfg = Release|Any CPU
		{8B43EA4C-2991-4B95-A292-E804F1408ABA}.Release|Any CPU.Build.0 = Release|Any CPU
		{8B43EA4C-2991-4B95-A292-E804F1408ABA}.Release|x64.ActiveCfg = Release|x64
		{8B43EA4C-2991-4B95-A292-E804F1408ABA}.Release|x64.Build.0 = Release|x64
		{8B43EA4C-2991-4B95-A292-E804F1408ABA}.Release|x86.ActiveCfg = Release|x86
		{8B43EA4C-2991-4B95-A292-E804F1408ABA}.Release|x86.Build.0 = Release|x86
	EndGlobalSection
	GlobalSection(SolutionProperties) = preSolution
		HideSolutionNode = FALSE
	EndGlobalSection
	GlobalSection(ExtensibilityGlobals) = postSolution
		SolutionGuid = {42BAAD27-265F-41D3-A1A6-FF691B2367BE}
	EndGlobalSection
EndGlobal
